// !$*UTF8*$!
{
	archiveVersion = 1;
	classes = {
	};
	objectVersion = 55;
	objects = {

/* Begin PBXBuildFile section */
		A9EB4339029278F28542FBBE /* Pods_MonterVideoTests.framework in Frameworks */ = {isa = PBXBuildFile; fileRef = DA44F183AC510A5AC6B31A32 /* Pods_MonterVideoTests.framework */; };
		C7D80AE5584B38891925F586 /* Pods_MonterVideo.framework in Frameworks */ = {isa = PBXBuildFile; fileRef = EE31327E57DA2E8118919F03 /* Pods_MonterVideo.framework */; };
		D376D8542C63B10A00CA9F7D /* .swiftlint.yml in Resources */ = {isa = PBXBuildFile; fileRef = D376D8532C63B10A00CA9F7D /* .swiftlint.yml */; };
		D37EF4142C7DF12900B1B74A /* VideoAssetClient.swift in Sources */ = {isa = PBXBuildFile; fileRef = D37EF40F2C7DF10000B1B74A /* VideoAssetClient.swift */; };
		D37EF4172C7DF14600B1B74A /* VideoLoadHelpers.swift in Sources */ = {isa = PBXBuildFile; fileRef = D37EF4162C7DF14600B1B74A /* VideoLoadHelpers.swift */; };
		D37EF41F2C7DF1BD00B1B74A /* Clip+Core.swift in Sources */ = {isa = PBXBuildFile; fileRef = D37EF4182C7DF18F00B1B74A /* Clip+Core.swift */; };
		D37EF4202C7DF1C300B1B74A /* ClipView.swift in Sources */ = {isa = PBXBuildFile; fileRef = D37EF41A2C7DF18F00B1B74A /* ClipView.swift */; };
		D37EF4212C7DF1CC00B1B74A /* ClipCollection+Core.swift in Sources */ = {isa = PBXBuildFile; fileRef = D37EF41C2C7DF1AA00B1B74A /* ClipCollection+Core.swift */; };
		D37EF4222C7DF1CE00B1B74A /* ClipCollectionView.swift in Sources */ = {isa = PBXBuildFile; fileRef = D37EF41D2C7DF1AA00B1B74A /* ClipCollectionView.swift */; };
		D37EF4282C7DF23000B1B74A /* VideoAssetClient+DependencyKey.swift in Sources */ = {isa = PBXBuildFile; fileRef = D37EF4272C7DF23000B1B74A /* VideoAssetClient+DependencyKey.swift */; };
		D37EF42A2C7DF26F00B1B74A /* PersistenceController.swift in Sources */ = {isa = PBXBuildFile; fileRef = D37EF4292C7DF26F00B1B74A /* PersistenceController.swift */; };
		D37EF42E2C7DF2A200B1B74A /* MainView.swift in Sources */ = {isa = PBXBuildFile; fileRef = D37EF42D2C7DF2A200B1B74A /* MainView.swift */; };
		D37EF4362C7DF3AC00B1B74A /* DependencyValues+VideoAssetClient.swift in Sources */ = {isa = PBXBuildFile; fileRef = D37EF40E2C7DF10000B1B74A /* DependencyValues+VideoAssetClient.swift */; };
		D37EF4372C7DF4E400B1B74A /* SizeRatio.swift in Sources */ = {isa = PBXBuildFile; fileRef = D37EF4312C7DF2FC00B1B74A /* SizeRatio.swift */; };
		D37EF4382C7DF4E600B1B74A /* Spacing.swift in Sources */ = {isa = PBXBuildFile; fileRef = D37EF4322C7DF2FC00B1B74A /* Spacing.swift */; };
		DC39F8FC3A62968C1DDA362E /* Pods_MonterVideo_MonterVideoUITests.framework in Frameworks */ = {isa = PBXBuildFile; fileRef = F070E481EEEC663C75308B23 /* Pods_MonterVideo_MonterVideoUITests.framework */; };
		E30290292C12D67C00595EB7 /* MonterVideoApp.swift in Sources */ = {isa = PBXBuildFile; fileRef = E30290282C12D67C00595EB7 /* MonterVideoApp.swift */; };
		E302902D2C12D67E00595EB7 /* Assets.xcassets in Resources */ = {isa = PBXBuildFile; fileRef = E302902C2C12D67E00595EB7 /* Assets.xcassets */; };
		E30290302C12D67E00595EB7 /* Preview Assets.xcassets in Resources */ = {isa = PBXBuildFile; fileRef = E302902F2C12D67E00595EB7 /* Preview Assets.xcassets */; };
		E30290352C12D67E00595EB7 /* MonterVideo.xcdatamodeld in Sources */ = {isa = PBXBuildFile; fileRef = E30290332C12D67E00595EB7 /* MonterVideo.xcdatamodeld */; };
		E30290402C12D67E00595EB7 /* MonterVideoTests.swift in Sources */ = {isa = PBXBuildFile; fileRef = E302903F2C12D67E00595EB7 /* MonterVideoTests.swift */; };
		E302904A2C12D67E00595EB7 /* MonterVideoUITests.swift in Sources */ = {isa = PBXBuildFile; fileRef = E30290492C12D67E00595EB7 /* MonterVideoUITests.swift */; };
		E302904C2C12D67E00595EB7 /* MonterVideoUITestsLaunchTests.swift in Sources */ = {isa = PBXBuildFile; fileRef = E302904B2C12D67E00595EB7 /* MonterVideoUITestsLaunchTests.swift */; };
		E355CCC42C5A19260008AC27 /* FrameThumbnail.swift in Sources */ = {isa = PBXBuildFile; fileRef = E355CCC32C5A19260008AC27 /* FrameThumbnail.swift */; };
		E355CCC82C5A1E420008AC27 /* ComposableArchitecture in Frameworks */ = {isa = PBXBuildFile; productRef = E355CCC72C5A1E420008AC27 /* ComposableArchitecture */; };
		E355CCCA2C5A2B5C0008AC27 /* VideoAsset.swift in Sources */ = {isa = PBXBuildFile; fileRef = E355CCC92C5A2B5C0008AC27 /* VideoAsset.swift */; };
		E355CCDE2C5BB8FC0008AC27 /* FrameTrimHelpers.swift in Sources */ = {isa = PBXBuildFile; fileRef = E355CCDD2C5BB8FC0008AC27 /* FrameTrimHelpers.swift */; };
/* End PBXBuildFile section */

/* Begin PBXContainerItemProxy section */
		E302903C2C12D67E00595EB7 /* PBXContainerItemProxy */ = {
			isa = PBXContainerItemProxy;
			containerPortal = E302901D2C12D67C00595EB7 /* Project object */;
			proxyType = 1;
			remoteGlobalIDString = E30290242C12D67C00595EB7;
			remoteInfo = MonterVideo;
		};
		E30290462C12D67E00595EB7 /* PBXContainerItemProxy */ = {
			isa = PBXContainerItemProxy;
			containerPortal = E302901D2C12D67C00595EB7 /* Project object */;
			proxyType = 1;
			remoteGlobalIDString = E30290242C12D67C00595EB7;
			remoteInfo = MonterVideo;
		};
/* End PBXContainerItemProxy section */

/* Begin PBXFileReference section */
		44358795D0D0C7529A067B7D /* Pods-MonterVideo-MonterVideoUITests.release.xcconfig */ = {isa = PBXFileReference; includeInIndex = 1; lastKnownFileType = text.xcconfig; name = "Pods-MonterVideo-MonterVideoUITests.release.xcconfig"; path = "Target Support Files/Pods-MonterVideo-MonterVideoUITests/Pods-MonterVideo-MonterVideoUITests.release.xcconfig"; sourceTree = "<group>"; };
		46B2F1B04D11C236322EA0A9 /* Pods-MonterVideo-MonterVideoUITests.debug.xcconfig */ = {isa = PBXFileReference; includeInIndex = 1; lastKnownFileType = text.xcconfig; name = "Pods-MonterVideo-MonterVideoUITests.debug.xcconfig"; path = "Target Support Files/Pods-MonterVideo-MonterVideoUITests/Pods-MonterVideo-MonterVideoUITests.debug.xcconfig"; sourceTree = "<group>"; };
		6D777C0865FD99D835DF177A /* Pods-MonterVideoTests.release.xcconfig */ = {isa = PBXFileReference; includeInIndex = 1; lastKnownFileType = text.xcconfig; name = "Pods-MonterVideoTests.release.xcconfig"; path = "Target Support Files/Pods-MonterVideoTests/Pods-MonterVideoTests.release.xcconfig"; sourceTree = "<group>"; };
		6F40BC07EB8F7752F0ABD11C /* Pods-MonterVideoTests.debug.xcconfig */ = {isa = PBXFileReference; includeInIndex = 1; lastKnownFileType = text.xcconfig; name = "Pods-MonterVideoTests.debug.xcconfig"; path = "Target Support Files/Pods-MonterVideoTests/Pods-MonterVideoTests.debug.xcconfig"; sourceTree = "<group>"; };
		8FD384AF3963F44C3C04CB65 /* Pods-MonterVideo.release.xcconfig */ = {isa = PBXFileReference; includeInIndex = 1; lastKnownFileType = text.xcconfig; name = "Pods-MonterVideo.release.xcconfig"; path = "Target Support Files/Pods-MonterVideo/Pods-MonterVideo.release.xcconfig"; sourceTree = "<group>"; };
		D075A6C9113745B907B40A0B /* Pods-MonterVideo.debug.xcconfig */ = {isa = PBXFileReference; includeInIndex = 1; lastKnownFileType = text.xcconfig; name = "Pods-MonterVideo.debug.xcconfig"; path = "Target Support Files/Pods-MonterVideo/Pods-MonterVideo.debug.xcconfig"; sourceTree = "<group>"; };
		D376D8532C63B10A00CA9F7D /* .swiftlint.yml */ = {isa = PBXFileReference; lastKnownFileType = text.yaml; path = .swiftlint.yml; sourceTree = "<group>"; };
		D37EF40E2C7DF10000B1B74A /* DependencyValues+VideoAssetClient.swift */ = {isa = PBXFileReference; lastKnownFileType = sourcecode.swift; path = "DependencyValues+VideoAssetClient.swift"; sourceTree = "<group>"; };
		D37EF40F2C7DF10000B1B74A /* VideoAssetClient.swift */ = {isa = PBXFileReference; lastKnownFileType = sourcecode.swift; path = VideoAssetClient.swift; sourceTree = "<group>"; };
		D37EF4162C7DF14600B1B74A /* VideoLoadHelpers.swift */ = {isa = PBXFileReference; lastKnownFileType = sourcecode.swift; path = VideoLoadHelpers.swift; sourceTree = "<group>"; };
		D37EF4182C7DF18F00B1B74A /* Clip+Core.swift */ = {isa = PBXFileReference; lastKnownFileType = sourcecode.swift; path = "Clip+Core.swift"; sourceTree = "<group>"; };
		D37EF41A2C7DF18F00B1B74A /* ClipView.swift */ = {isa = PBXFileReference; lastKnownFileType = sourcecode.swift; path = ClipView.swift; sourceTree = "<group>"; };
		D37EF41C2C7DF1AA00B1B74A /* ClipCollection+Core.swift */ = {isa = PBXFileReference; lastKnownFileType = sourcecode.swift; path = "ClipCollection+Core.swift"; sourceTree = "<group>"; };
		D37EF41D2C7DF1AA00B1B74A /* ClipCollectionView.swift */ = {isa = PBXFileReference; lastKnownFileType = sourcecode.swift; path = ClipCollectionView.swift; sourceTree = "<group>"; };
		D37EF4272C7DF23000B1B74A /* VideoAssetClient+DependencyKey.swift */ = {isa = PBXFileReference; lastKnownFileType = sourcecode.swift; path = "VideoAssetClient+DependencyKey.swift"; sourceTree = "<group>"; };
		D37EF4292C7DF26F00B1B74A /* PersistenceController.swift */ = {isa = PBXFileReference; lastKnownFileType = sourcecode.swift; path = PersistenceController.swift; sourceTree = "<group>"; };
		D37EF42D2C7DF2A200B1B74A /* MainView.swift */ = {isa = PBXFileReference; lastKnownFileType = sourcecode.swift; name = MainView.swift; path = ../../../../RefactorSource/MonterVideo/Screen/Common/MainView.swift; sourceTree = "<group>"; };
		D37EF4312C7DF2FC00B1B74A /* SizeRatio.swift */ = {isa = PBXFileReference; lastKnownFileType = sourcecode.swift; path = SizeRatio.swift; sourceTree = "<group>"; };
		D37EF4322C7DF2FC00B1B74A /* Spacing.swift */ = {isa = PBXFileReference; lastKnownFileType = sourcecode.swift; path = Spacing.swift; sourceTree = "<group>"; };
		DA44F183AC510A5AC6B31A32 /* Pods_MonterVideoTests.framework */ = {isa = PBXFileReference; explicitFileType = wrapper.framework; includeInIndex = 0; path = Pods_MonterVideoTests.framework; sourceTree = BUILT_PRODUCTS_DIR; };
		E30290252C12D67C00595EB7 /* MonterVideo.app */ = {isa = PBXFileReference; explicitFileType = wrapper.application; includeInIndex = 0; path = MonterVideo.app; sourceTree = BUILT_PRODUCTS_DIR; };
		E30290282C12D67C00595EB7 /* MonterVideoApp.swift */ = {isa = PBXFileReference; lastKnownFileType = sourcecode.swift; path = MonterVideoApp.swift; sourceTree = "<group>"; };
		E302902C2C12D67E00595EB7 /* Assets.xcassets */ = {isa = PBXFileReference; lastKnownFileType = folder.assetcatalog; path = Assets.xcassets; sourceTree = "<group>"; };
		E302902F2C12D67E00595EB7 /* Preview Assets.xcassets */ = {isa = PBXFileReference; lastKnownFileType = folder.assetcatalog; path = "Preview Assets.xcassets"; sourceTree = "<group>"; };
		E30290342C12D67E00595EB7 /* MonterVideo.xcdatamodel */ = {isa = PBXFileReference; lastKnownFileType = wrapper.xcdatamodel; path = MonterVideo.xcdatamodel; sourceTree = "<group>"; };
		E30290362C12D67E00595EB7 /* MonterVideo.entitlements */ = {isa = PBXFileReference; lastKnownFileType = text.plist.entitlements; path = MonterVideo.entitlements; sourceTree = "<group>"; };
		E302903B2C12D67E00595EB7 /* MonterVideoTests.xctest */ = {isa = PBXFileReference; explicitFileType = wrapper.cfbundle; includeInIndex = 0; path = MonterVideoTests.xctest; sourceTree = BUILT_PRODUCTS_DIR; };
		E302903F2C12D67E00595EB7 /* MonterVideoTests.swift */ = {isa = PBXFileReference; lastKnownFileType = sourcecode.swift; path = MonterVideoTests.swift; sourceTree = "<group>"; };
		E30290452C12D67E00595EB7 /* MonterVideoUITests.xctest */ = {isa = PBXFileReference; explicitFileType = wrapper.cfbundle; includeInIndex = 0; path = MonterVideoUITests.xctest; sourceTree = BUILT_PRODUCTS_DIR; };
		E30290492C12D67E00595EB7 /* MonterVideoUITests.swift */ = {isa = PBXFileReference; lastKnownFileType = sourcecode.swift; path = MonterVideoUITests.swift; sourceTree = "<group>"; };
		E302904B2C12D67E00595EB7 /* MonterVideoUITestsLaunchTests.swift */ = {isa = PBXFileReference; lastKnownFileType = sourcecode.swift; path = MonterVideoUITestsLaunchTests.swift; sourceTree = "<group>"; };
		E355CCC32C5A19260008AC27 /* FrameThumbnail.swift */ = {isa = PBXFileReference; lastKnownFileType = sourcecode.swift; name = FrameThumbnail.swift; path = MonterVideo/Data/Model/FrameThumbnail.swift; sourceTree = SOURCE_ROOT; };
		E355CCC92C5A2B5C0008AC27 /* VideoAsset.swift */ = {isa = PBXFileReference; lastKnownFileType = sourcecode.swift; name = VideoAsset.swift; path = MonterVideo/Data/Model/VideoAsset.swift; sourceTree = SOURCE_ROOT; };
		E355CCDD2C5BB8FC0008AC27 /* FrameTrimHelpers.swift */ = {isa = PBXFileReference; lastKnownFileType = sourcecode.swift; path = FrameTrimHelpers.swift; sourceTree = "<group>"; };
		EE31327E57DA2E8118919F03 /* Pods_MonterVideo.framework */ = {isa = PBXFileReference; explicitFileType = wrapper.framework; includeInIndex = 0; path = Pods_MonterVideo.framework; sourceTree = BUILT_PRODUCTS_DIR; };
		F070E481EEEC663C75308B23 /* Pods_MonterVideo_MonterVideoUITests.framework */ = {isa = PBXFileReference; explicitFileType = wrapper.framework; includeInIndex = 0; path = Pods_MonterVideo_MonterVideoUITests.framework; sourceTree = BUILT_PRODUCTS_DIR; };
/* End PBXFileReference section */

/* Begin PBXFrameworksBuildPhase section */
		E30290222C12D67C00595EB7 /* Frameworks */ = {
			isa = PBXFrameworksBuildPhase;
			buildActionMask = 2147483647;
			files = (
				E355CCC82C5A1E420008AC27 /* ComposableArchitecture in Frameworks */,
				C7D80AE5584B38891925F586 /* Pods_MonterVideo.framework in Frameworks */,
			);
			runOnlyForDeploymentPostprocessing = 0;
		};
		E30290382C12D67E00595EB7 /* Frameworks */ = {
			isa = PBXFrameworksBuildPhase;
			buildActionMask = 2147483647;
			files = (
				A9EB4339029278F28542FBBE /* Pods_MonterVideoTests.framework in Frameworks */,
			);
			runOnlyForDeploymentPostprocessing = 0;
		};
		E30290422C12D67E00595EB7 /* Frameworks */ = {
			isa = PBXFrameworksBuildPhase;
			buildActionMask = 2147483647;
			files = (
				DC39F8FC3A62968C1DDA362E /* Pods_MonterVideo_MonterVideoUITests.framework in Frameworks */,
			);
			runOnlyForDeploymentPostprocessing = 0;
		};
/* End PBXFrameworksBuildPhase section */

/* Begin PBXGroup section */
		5766209BB0D4D41E0A70BC4F /* Frameworks */ = {
			isa = PBXGroup;
			children = (
				EE31327E57DA2E8118919F03 /* Pods_MonterVideo.framework */,
				F070E481EEEC663C75308B23 /* Pods_MonterVideo_MonterVideoUITests.framework */,
				DA44F183AC510A5AC6B31A32 /* Pods_MonterVideoTests.framework */,
			);
			name = Frameworks;
			sourceTree = "<group>";
		};
		D37EF4122C7DF10000B1B74A /* VideoAssetClient */ = {
			isa = PBXGroup;
			children = (
				D37EF40E2C7DF10000B1B74A /* DependencyValues+VideoAssetClient.swift */,
				D37EF40F2C7DF10000B1B74A /* VideoAssetClient.swift */,
				D37EF4272C7DF23000B1B74A /* VideoAssetClient+DependencyKey.swift */,
			);
			path = VideoAssetClient;
			sourceTree = "<group>";
		};
		D37EF41B2C7DF18F00B1B74A /* Clip */ = {
			isa = PBXGroup;
			children = (
				D37EF4182C7DF18F00B1B74A /* Clip+Core.swift */,
				D37EF41A2C7DF18F00B1B74A /* ClipView.swift */,
			);
			path = Clip;
			sourceTree = "<group>";
		};
		D37EF41E2C7DF1AA00B1B74A /* ClipCollection */ = {
			isa = PBXGroup;
			children = (
				D37EF41C2C7DF1AA00B1B74A /* ClipCollection+Core.swift */,
				D37EF41D2C7DF1AA00B1B74A /* ClipCollectionView.swift */,
			);
			path = ClipCollection;
			sourceTree = "<group>";
		};
		D37EF4332C7DF2FC00B1B74A /* Size */ = {
			isa = PBXGroup;
			children = (
				D37EF4312C7DF2FC00B1B74A /* SizeRatio.swift */,
				D37EF4322C7DF2FC00B1B74A /* Spacing.swift */,
			);
			path = Size;
			sourceTree = "<group>";
		};
		D37EF4342C7DF2FC00B1B74A /* Foundation */ = {
			isa = PBXGroup;
			children = (
				D37EF4332C7DF2FC00B1B74A /* Size */,
			);
			path = Foundation;
			sourceTree = "<group>";
		};
		D37EF4352C7DF2FC00B1B74A /* DesignSystem */ = {
			isa = PBXGroup;
			children = (
				D37EF4342C7DF2FC00B1B74A /* Foundation */,
			);
			path = DesignSystem;
			sourceTree = "<group>";
		};
		D42F935C9E67C30CD632B3A3 /* Pods */ = {
			isa = PBXGroup;
			children = (
				D075A6C9113745B907B40A0B /* Pods-MonterVideo.debug.xcconfig */,
				8FD384AF3963F44C3C04CB65 /* Pods-MonterVideo.release.xcconfig */,
				46B2F1B04D11C236322EA0A9 /* Pods-MonterVideo-MonterVideoUITests.debug.xcconfig */,
				44358795D0D0C7529A067B7D /* Pods-MonterVideo-MonterVideoUITests.release.xcconfig */,
				6F40BC07EB8F7752F0ABD11C /* Pods-MonterVideoTests.debug.xcconfig */,
				6D777C0865FD99D835DF177A /* Pods-MonterVideoTests.release.xcconfig */,
			);
			path = Pods;
			sourceTree = "<group>";
		};
		E302901C2C12D67C00595EB7 = {
			isa = PBXGroup;
			children = (
				D376D8532C63B10A00CA9F7D /* .swiftlint.yml */,
				E30290272C12D67C00595EB7 /* MonterVideo */,
				E302903E2C12D67E00595EB7 /* MonterVideoTests */,
				E30290482C12D67E00595EB7 /* MonterVideoUITests */,
				E30290262C12D67C00595EB7 /* Products */,
				D42F935C9E67C30CD632B3A3 /* Pods */,
				5766209BB0D4D41E0A70BC4F /* Frameworks */,
			);
			sourceTree = "<group>";
		};
		E30290262C12D67C00595EB7 /* Products */ = {
			isa = PBXGroup;
			children = (
				E30290252C12D67C00595EB7 /* MonterVideo.app */,
				E302903B2C12D67E00595EB7 /* MonterVideoTests.xctest */,
				E30290452C12D67E00595EB7 /* MonterVideoUITests.xctest */,
			);
			name = Products;
			sourceTree = "<group>";
		};
		E30290272C12D67C00595EB7 /* MonterVideo */ = {
			isa = PBXGroup;
			children = (
				E39A46292C156DB700B9A178 /* App */,
				E39A462A2C15719500B9A178 /* Data */,
				E3D5F29E2C12F19500CC6592 /* Screen */,
				E355CCE12C5BBC110008AC27 /* Helper */,
				E3D5F29F2C12F19F00CC6592 /* Resources */,
				D37EF4352C7DF2FC00B1B74A /* DesignSystem */,
				E302902E2C12D67E00595EB7 /* Preview Content */,
			);
			path = MonterVideo;
			sourceTree = "<group>";
		};
		E302902E2C12D67E00595EB7 /* Preview Content */ = {
			isa = PBXGroup;
			children = (
				E302902F2C12D67E00595EB7 /* Preview Assets.xcassets */,
			);
			path = "Preview Content";
			sourceTree = "<group>";
		};
		E302903E2C12D67E00595EB7 /* MonterVideoTests */ = {
			isa = PBXGroup;
			children = (
				E302903F2C12D67E00595EB7 /* MonterVideoTests.swift */,
			);
			path = MonterVideoTests;
			sourceTree = "<group>";
		};
		E30290482C12D67E00595EB7 /* MonterVideoUITests */ = {
			isa = PBXGroup;
			children = (
				E30290492C12D67E00595EB7 /* MonterVideoUITests.swift */,
				E302904B2C12D67E00595EB7 /* MonterVideoUITestsLaunchTests.swift */,
			);
			path = MonterVideoUITests;
			sourceTree = "<group>";
		};
		E355CCCB2C5A2F2D0008AC27 /* Model */ = {
			isa = PBXGroup;
			children = (
				E355CCC32C5A19260008AC27 /* FrameThumbnail.swift */,
				E355CCC92C5A2B5C0008AC27 /* VideoAsset.swift */,
			);
			path = Model;
			sourceTree = "<group>";
		};
		E355CCE12C5BBC110008AC27 /* Helper */ = {
			isa = PBXGroup;
			children = (
				D37EF4162C7DF14600B1B74A /* VideoLoadHelpers.swift */,
				E355CCDD2C5BB8FC0008AC27 /* FrameTrimHelpers.swift */,
			);
			path = Helper;
			sourceTree = "<group>";
		};
		E39A46292C156DB700B9A178 /* App */ = {
			isa = PBXGroup;
			children = (
				E30290362C12D67E00595EB7 /* MonterVideo.entitlements */,
				E30290282C12D67C00595EB7 /* MonterVideoApp.swift */,
			);
			path = App;
			sourceTree = "<group>";
		};
		E39A462A2C15719500B9A178 /* Data */ = {
			isa = PBXGroup;
			children = (
				E355CCCB2C5A2F2D0008AC27 /* Model */,
				E39A462D2C15760200B9A178 /* Clients */,
			);
			path = Data;
			sourceTree = "<group>";
		};
		E39A462D2C15760200B9A178 /* Clients */ = {
			isa = PBXGroup;
			children = (
				D37EF4122C7DF10000B1B74A /* VideoAssetClient */,
				E39A46302C1578F200B9A178 /* Provider */,
			);
			path = Clients;
			sourceTree = "<group>";
		};
		E39A462E2C15760A00B9A178 /* CoreData */ = {
			isa = PBXGroup;
			children = (
				E30290332C12D67E00595EB7 /* MonterVideo.xcdatamodeld */,
			);
			path = CoreData;
			sourceTree = "<group>";
		};
		E39A46302C1578F200B9A178 /* Provider */ = {
			isa = PBXGroup;
			children = (
				E39A462E2C15760A00B9A178 /* CoreData */,
			);
			path = Provider;
			sourceTree = "<group>";
		};
		E3D5F29E2C12F19500CC6592 /* Screen */ = {
			isa = PBXGroup;
			children = (
				E3D5F2A12C12F22D00CC6592 /* Common */,
				D37EF41B2C7DF18F00B1B74A /* Clip */,
				D37EF41E2C7DF1AA00B1B74A /* ClipCollection */,
			);
			path = Screen;
			sourceTree = "<group>";
		};
		E3D5F29F2C12F19F00CC6592 /* Resources */ = {
			isa = PBXGroup;
			children = (
				E302902C2C12D67E00595EB7 /* Assets.xcassets */,
			);
			path = Resources;
			sourceTree = "<group>";
		};
		E3D5F2A12C12F22D00CC6592 /* Common */ = {
			isa = PBXGroup;
			children = (
				D37EF42D2C7DF2A200B1B74A /* MainView.swift */,
				D37EF4292C7DF26F00B1B74A /* PersistenceController.swift */,
			);
			path = Common;
			sourceTree = "<group>";
		};
/* End PBXGroup section */

/* Begin PBXNativeTarget section */
		E30290242C12D67C00595EB7 /* MonterVideo */ = {
			isa = PBXNativeTarget;
			buildConfigurationList = E302904F2C12D67E00595EB7 /* Build configuration list for PBXNativeTarget "MonterVideo" */;
			buildPhases = (
				B0B60B35CC4E48A8D86E48E8 /* [CP] Check Pods Manifest.lock */,
				D376D8522C63B06700CA9F7D /* Swift Lint */,
				E30290212C12D67C00595EB7 /* Sources */,
				E30290222C12D67C00595EB7 /* Frameworks */,
				E30290232C12D67C00595EB7 /* Resources */,
			);
			buildRules = (
			);
			dependencies = (
			);
			name = MonterVideo;
			packageProductDependencies = (
				E355CCC72C5A1E420008AC27 /* ComposableArchitecture */,
			);
			productName = MonterVideo;
			productReference = E30290252C12D67C00595EB7 /* MonterVideo.app */;
			productType = "com.apple.product-type.application";
		};
		E302903A2C12D67E00595EB7 /* MonterVideoTests */ = {
			isa = PBXNativeTarget;
			buildConfigurationList = E30290522C12D67E00595EB7 /* Build configuration list for PBXNativeTarget "MonterVideoTests" */;
			buildPhases = (
				1FD5DD2757AFABEE6E6E6DBD /* [CP] Check Pods Manifest.lock */,
				E30290372C12D67E00595EB7 /* Sources */,
				E30290382C12D67E00595EB7 /* Frameworks */,
				E30290392C12D67E00595EB7 /* Resources */,
			);
			buildRules = (
			);
			dependencies = (
				E302903D2C12D67E00595EB7 /* PBXTargetDependency */,
			);
			name = MonterVideoTests;
			productName = MonterVideoTests;
			productReference = E302903B2C12D67E00595EB7 /* MonterVideoTests.xctest */;
			productType = "com.apple.product-type.bundle.unit-test";
		};
		E30290442C12D67E00595EB7 /* MonterVideoUITests */ = {
			isa = PBXNativeTarget;
			buildConfigurationList = E30290552C12D67E00595EB7 /* Build configuration list for PBXNativeTarget "MonterVideoUITests" */;
			buildPhases = (
				EE6ED423F785A47D2078B3B9 /* [CP] Check Pods Manifest.lock */,
				E30290412C12D67E00595EB7 /* Sources */,
				E30290422C12D67E00595EB7 /* Frameworks */,
				E30290432C12D67E00595EB7 /* Resources */,
			);
			buildRules = (
			);
			dependencies = (
				E30290472C12D67E00595EB7 /* PBXTargetDependency */,
			);
			name = MonterVideoUITests;
			productName = MonterVideoUITests;
			productReference = E30290452C12D67E00595EB7 /* MonterVideoUITests.xctest */;
			productType = "com.apple.product-type.bundle.ui-testing";
		};
/* End PBXNativeTarget section */

/* Begin PBXProject section */
		E302901D2C12D67C00595EB7 /* Project object */ = {
			isa = PBXProject;
			attributes = {
				BuildIndependentTargetsInParallel = 1;
				LastSwiftUpdateCheck = 1320;
				LastUpgradeCheck = 1320;
				TargetAttributes = {
					E30290242C12D67C00595EB7 = {
						CreatedOnToolsVersion = 13.2.1;
					};
					E302903A2C12D67E00595EB7 = {
						CreatedOnToolsVersion = 13.2.1;
						TestTargetID = E30290242C12D67C00595EB7;
					};
					E30290442C12D67E00595EB7 = {
						CreatedOnToolsVersion = 13.2.1;
						TestTargetID = E30290242C12D67C00595EB7;
					};
				};
			};
			buildConfigurationList = E30290202C12D67C00595EB7 /* Build configuration list for PBXProject "MonterVideo" */;
			compatibilityVersion = "Xcode 13.0";
			developmentRegion = en;
			hasScannedForEncodings = 0;
			knownRegions = (
				en,
				Base,
			);
			mainGroup = E302901C2C12D67C00595EB7;
			packageReferences = (
				E3D5F2A22C12F30A00CC6592 /* XCRemoteSwiftPackageReference "swift-composable-architecture" */,
			);
			productRefGroup = E30290262C12D67C00595EB7 /* Products */;
			projectDirPath = "";
			projectRoot = "";
			targets = (
				E30290242C12D67C00595EB7 /* MonterVideo */,
				E302903A2C12D67E00595EB7 /* MonterVideoTests */,
				E30290442C12D67E00595EB7 /* MonterVideoUITests */,
			);
		};
/* End PBXProject section */

/* Begin PBXResourcesBuildPhase section */
		E30290232C12D67C00595EB7 /* Resources */ = {
			isa = PBXResourcesBuildPhase;
			buildActionMask = 2147483647;
			files = (
				D376D8542C63B10A00CA9F7D /* .swiftlint.yml in Resources */,
				E30290302C12D67E00595EB7 /* Preview Assets.xcassets in Resources */,
				E302902D2C12D67E00595EB7 /* Assets.xcassets in Resources */,
			);
			runOnlyForDeploymentPostprocessing = 0;
		};
		E30290392C12D67E00595EB7 /* Resources */ = {
			isa = PBXResourcesBuildPhase;
			buildActionMask = 2147483647;
			files = (
			);
			runOnlyForDeploymentPostprocessing = 0;
		};
		E30290432C12D67E00595EB7 /* Resources */ = {
			isa = PBXResourcesBuildPhase;
			buildActionMask = 2147483647;
			files = (
			);
			runOnlyForDeploymentPostprocessing = 0;
		};
/* End PBXResourcesBuildPhase section */

/* Begin PBXShellScriptBuildPhase section */
		1FD5DD2757AFABEE6E6E6DBD /* [CP] Check Pods Manifest.lock */ = {
			isa = PBXShellScriptBuildPhase;
			buildActionMask = 2147483647;
			files = (
			);
			inputFileListPaths = (
			);
			inputPaths = (
				"${PODS_PODFILE_DIR_PATH}/Podfile.lock",
				"${PODS_ROOT}/Manifest.lock",
			);
			name = "[CP] Check Pods Manifest.lock";
			outputFileListPaths = (
			);
			outputPaths = (
				"$(DERIVED_FILE_DIR)/Pods-MonterVideoTests-checkManifestLockResult.txt",
			);
			runOnlyForDeploymentPostprocessing = 0;
			shellPath = /bin/sh;
			shellScript = "diff \"${PODS_PODFILE_DIR_PATH}/Podfile.lock\" \"${PODS_ROOT}/Manifest.lock\" > /dev/null\nif [ $? != 0 ] ; then\n    # print error to STDERR\n    echo \"error: The sandbox is not in sync with the Podfile.lock. Run 'pod install' or update your CocoaPods installation.\" >&2\n    exit 1\nfi\n# This output is used by Xcode 'outputs' to avoid re-running this script phase.\necho \"SUCCESS\" > \"${SCRIPT_OUTPUT_FILE_0}\"\n";
			showEnvVarsInLog = 0;
		};
		B0B60B35CC4E48A8D86E48E8 /* [CP] Check Pods Manifest.lock */ = {
			isa = PBXShellScriptBuildPhase;
			buildActionMask = 2147483647;
			files = (
			);
			inputFileListPaths = (
			);
			inputPaths = (
				"${PODS_PODFILE_DIR_PATH}/Podfile.lock",
				"${PODS_ROOT}/Manifest.lock",
			);
			name = "[CP] Check Pods Manifest.lock";
			outputFileListPaths = (
			);
			outputPaths = (
				"$(DERIVED_FILE_DIR)/Pods-MonterVideo-checkManifestLockResult.txt",
			);
			runOnlyForDeploymentPostprocessing = 0;
			shellPath = /bin/sh;
			shellScript = "diff \"${PODS_PODFILE_DIR_PATH}/Podfile.lock\" \"${PODS_ROOT}/Manifest.lock\" > /dev/null\nif [ $? != 0 ] ; then\n    # print error to STDERR\n    echo \"error: The sandbox is not in sync with the Podfile.lock. Run 'pod install' or update your CocoaPods installation.\" >&2\n    exit 1\nfi\n# This output is used by Xcode 'outputs' to avoid re-running this script phase.\necho \"SUCCESS\" > \"${SCRIPT_OUTPUT_FILE_0}\"\n";
			showEnvVarsInLog = 0;
		};
		D376D8522C63B06700CA9F7D /* Swift Lint */ = {
			isa = PBXShellScriptBuildPhase;
			alwaysOutOfDate = 1;
			buildActionMask = 2147483647;
			files = (
			);
			inputFileListPaths = (
			);
			inputPaths = (
			);
			name = "Swift Lint";
			outputFileListPaths = (
			);
			outputPaths = (
			);
			runOnlyForDeploymentPostprocessing = 0;
			shellPath = /bin/sh;
			shellScript = "# Type a script or drag a script file from your workspace to insert its path.\nif [[ \"$(uname -m)\" == arm64 ]]; then\n    export PATH=\"/opt/homebrew/bin:$PATH\"\nfi\n\nif which swiftlint > /dev/null; then\n  swiftlint --fix && swiftlint\nelse\n  echo \"warning: SwiftLint not installed, download from https://github.com/realm/SwiftLint\"\nfi\n";
		};
		EE6ED423F785A47D2078B3B9 /* [CP] Check Pods Manifest.lock */ = {
			isa = PBXShellScriptBuildPhase;
			buildActionMask = 2147483647;
			files = (
			);
			inputFileListPaths = (
			);
			inputPaths = (
				"${PODS_PODFILE_DIR_PATH}/Podfile.lock",
				"${PODS_ROOT}/Manifest.lock",
			);
			name = "[CP] Check Pods Manifest.lock";
			outputFileListPaths = (
			);
			outputPaths = (
				"$(DERIVED_FILE_DIR)/Pods-MonterVideo-MonterVideoUITests-checkManifestLockResult.txt",
			);
			runOnlyForDeploymentPostprocessing = 0;
			shellPath = /bin/sh;
			shellScript = "diff \"${PODS_PODFILE_DIR_PATH}/Podfile.lock\" \"${PODS_ROOT}/Manifest.lock\" > /dev/null\nif [ $? != 0 ] ; then\n    # print error to STDERR\n    echo \"error: The sandbox is not in sync with the Podfile.lock. Run 'pod install' or update your CocoaPods installation.\" >&2\n    exit 1\nfi\n# This output is used by Xcode 'outputs' to avoid re-running this script phase.\necho \"SUCCESS\" > \"${SCRIPT_OUTPUT_FILE_0}\"\n";
			showEnvVarsInLog = 0;
		};
/* End PBXShellScriptBuildPhase section */

/* Begin PBXSourcesBuildPhase section */
		E30290212C12D67C00595EB7 /* Sources */ = {
			isa = PBXSourcesBuildPhase;
			buildActionMask = 2147483647;
			files = (
				D37EF42A2C7DF26F00B1B74A /* PersistenceController.swift in Sources */,
				D37EF4222C7DF1CE00B1B74A /* ClipCollectionView.swift in Sources */,
				D37EF4172C7DF14600B1B74A /* VideoLoadHelpers.swift in Sources */,
				E355CCDE2C5BB8FC0008AC27 /* FrameTrimHelpers.swift in Sources */,
				D37EF4382C7DF4E600B1B74A /* Spacing.swift in Sources */,
				D37EF4372C7DF4E400B1B74A /* SizeRatio.swift in Sources */,
				E30290352C12D67E00595EB7 /* MonterVideo.xcdatamodeld in Sources */,
				D37EF4212C7DF1CC00B1B74A /* ClipCollection+Core.swift in Sources */,
				E30290292C12D67C00595EB7 /* MonterVideoApp.swift in Sources */,
				D37EF42E2C7DF2A200B1B74A /* MainView.swift in Sources */,
				D37EF4282C7DF23000B1B74A /* VideoAssetClient+DependencyKey.swift in Sources */,
				D37EF4362C7DF3AC00B1B74A /* DependencyValues+VideoAssetClient.swift in Sources */,
				E355CCCA2C5A2B5C0008AC27 /* VideoAsset.swift in Sources */,
				D37EF4202C7DF1C300B1B74A /* ClipView.swift in Sources */,
				D37EF41F2C7DF1BD00B1B74A /* Clip+Core.swift in Sources */,
				E355CCC42C5A19260008AC27 /* FrameThumbnail.swift in Sources */,
				D37EF4142C7DF12900B1B74A /* VideoAssetClient.swift in Sources */,
			);
			runOnlyForDeploymentPostprocessing = 0;
		};
		E30290372C12D67E00595EB7 /* Sources */ = {
			isa = PBXSourcesBuildPhase;
			buildActionMask = 2147483647;
			files = (
				E30290402C12D67E00595EB7 /* MonterVideoTests.swift in Sources */,
			);
			runOnlyForDeploymentPostprocessing = 0;
		};
		E30290412C12D67E00595EB7 /* Sources */ = {
			isa = PBXSourcesBuildPhase;
			buildActionMask = 2147483647;
			files = (
				E302904A2C12D67E00595EB7 /* MonterVideoUITests.swift in Sources */,
				E302904C2C12D67E00595EB7 /* MonterVideoUITestsLaunchTests.swift in Sources */,
			);
			runOnlyForDeploymentPostprocessing = 0;
		};
/* End PBXSourcesBuildPhase section */

/* Begin PBXTargetDependency section */
		E302903D2C12D67E00595EB7 /* PBXTargetDependency */ = {
			isa = PBXTargetDependency;
			target = E30290242C12D67C00595EB7 /* MonterVideo */;
			targetProxy = E302903C2C12D67E00595EB7 /* PBXContainerItemProxy */;
		};
		E30290472C12D67E00595EB7 /* PBXTargetDependency */ = {
			isa = PBXTargetDependency;
			target = E30290242C12D67C00595EB7 /* MonterVideo */;
			targetProxy = E30290462C12D67E00595EB7 /* PBXContainerItemProxy */;
		};
/* End PBXTargetDependency section */

/* Begin XCBuildConfiguration section */
		E302904D2C12D67E00595EB7 /* Debug */ = {
			isa = XCBuildConfiguration;
			buildSettings = {
				ALWAYS_SEARCH_USER_PATHS = NO;
				CLANG_ANALYZER_NONNULL = YES;
				CLANG_ANALYZER_NUMBER_OBJECT_CONVERSION = YES_AGGRESSIVE;
				CLANG_CXX_LANGUAGE_STANDARD = "gnu++17";
				CLANG_CXX_LIBRARY = "libc++";
				CLANG_ENABLE_MODULES = YES;
				CLANG_ENABLE_OBJC_ARC = YES;
				CLANG_ENABLE_OBJC_WEAK = YES;
				CLANG_WARN_BLOCK_CAPTURE_AUTORELEASING = YES;
				CLANG_WARN_BOOL_CONVERSION = YES;
				CLANG_WARN_COMMA = YES;
				CLANG_WARN_CONSTANT_CONVERSION = YES;
				CLANG_WARN_DEPRECATED_OBJC_IMPLEMENTATIONS = YES;
				CLANG_WARN_DIRECT_OBJC_ISA_USAGE = YES_ERROR;
				CLANG_WARN_DOCUMENTATION_COMMENTS = YES;
				CLANG_WARN_EMPTY_BODY = YES;
				CLANG_WARN_ENUM_CONVERSION = YES;
				CLANG_WARN_INFINITE_RECURSION = YES;
				CLANG_WARN_INT_CONVERSION = YES;
				CLANG_WARN_NON_LITERAL_NULL_CONVERSION = YES;
				CLANG_WARN_OBJC_IMPLICIT_RETAIN_SELF = YES;
				CLANG_WARN_OBJC_LITERAL_CONVERSION = YES;
				CLANG_WARN_OBJC_ROOT_CLASS = YES_ERROR;
				CLANG_WARN_QUOTED_INCLUDE_IN_FRAMEWORK_HEADER = YES;
				CLANG_WARN_RANGE_LOOP_ANALYSIS = YES;
				CLANG_WARN_STRICT_PROTOTYPES = YES;
				CLANG_WARN_SUSPICIOUS_MOVE = YES;
				CLANG_WARN_UNGUARDED_AVAILABILITY = YES_AGGRESSIVE;
				CLANG_WARN_UNREACHABLE_CODE = YES;
				CLANG_WARN__DUPLICATE_METHOD_MATCH = YES;
				COPY_PHASE_STRIP = NO;
				DEBUG_INFORMATION_FORMAT = dwarf;
				ENABLE_STRICT_OBJC_MSGSEND = YES;
				ENABLE_TESTABILITY = YES;
				GCC_C_LANGUAGE_STANDARD = gnu11;
				GCC_DYNAMIC_NO_PIC = NO;
				GCC_NO_COMMON_BLOCKS = YES;
				GCC_OPTIMIZATION_LEVEL = 0;
				GCC_PREPROCESSOR_DEFINITIONS = (
					"DEBUG=1",
					"$(inherited)",
				);
				GCC_WARN_64_TO_32_BIT_CONVERSION = YES;
				GCC_WARN_ABOUT_RETURN_TYPE = YES_ERROR;
				GCC_WARN_UNDECLARED_SELECTOR = YES;
				GCC_WARN_UNINITIALIZED_AUTOS = YES_AGGRESSIVE;
				GCC_WARN_UNUSED_FUNCTION = YES;
				GCC_WARN_UNUSED_VARIABLE = YES;
				MACOSX_DEPLOYMENT_TARGET = 14.0;
				MTL_ENABLE_DEBUG_INFO = INCLUDE_SOURCE;
				MTL_FAST_MATH = YES;
				ONLY_ACTIVE_ARCH = YES;
				SDKROOT = macosx;
				SWIFT_ACTIVE_COMPILATION_CONDITIONS = DEBUG;
				SWIFT_OPTIMIZATION_LEVEL = "-Onone";
				SWIFT_VERSION = 5.0;
			};
			name = Debug;
		};
		E302904E2C12D67E00595EB7 /* Release */ = {
			isa = XCBuildConfiguration;
			buildSettings = {
				ALWAYS_SEARCH_USER_PATHS = NO;
				CLANG_ANALYZER_NONNULL = YES;
				CLANG_ANALYZER_NUMBER_OBJECT_CONVERSION = YES_AGGRESSIVE;
				CLANG_CXX_LANGUAGE_STANDARD = "gnu++17";
				CLANG_CXX_LIBRARY = "libc++";
				CLANG_ENABLE_MODULES = YES;
				CLANG_ENABLE_OBJC_ARC = YES;
				CLANG_ENABLE_OBJC_WEAK = YES;
				CLANG_WARN_BLOCK_CAPTURE_AUTORELEASING = YES;
				CLANG_WARN_BOOL_CONVERSION = YES;
				CLANG_WARN_COMMA = YES;
				CLANG_WARN_CONSTANT_CONVERSION = YES;
				CLANG_WARN_DEPRECATED_OBJC_IMPLEMENTATIONS = YES;
				CLANG_WARN_DIRECT_OBJC_ISA_USAGE = YES_ERROR;
				CLANG_WARN_DOCUMENTATION_COMMENTS = YES;
				CLANG_WARN_EMPTY_BODY = YES;
				CLANG_WARN_ENUM_CONVERSION = YES;
				CLANG_WARN_INFINITE_RECURSION = YES;
				CLANG_WARN_INT_CONVERSION = YES;
				CLANG_WARN_NON_LITERAL_NULL_CONVERSION = YES;
				CLANG_WARN_OBJC_IMPLICIT_RETAIN_SELF = YES;
				CLANG_WARN_OBJC_LITERAL_CONVERSION = YES;
				CLANG_WARN_OBJC_ROOT_CLASS = YES_ERROR;
				CLANG_WARN_QUOTED_INCLUDE_IN_FRAMEWORK_HEADER = YES;
				CLANG_WARN_RANGE_LOOP_ANALYSIS = YES;
				CLANG_WARN_STRICT_PROTOTYPES = YES;
				CLANG_WARN_SUSPICIOUS_MOVE = YES;
				CLANG_WARN_UNGUARDED_AVAILABILITY = YES_AGGRESSIVE;
				CLANG_WARN_UNREACHABLE_CODE = YES;
				CLANG_WARN__DUPLICATE_METHOD_MATCH = YES;
				COPY_PHASE_STRIP = NO;
				DEBUG_INFORMATION_FORMAT = "dwarf-with-dsym";
				ENABLE_NS_ASSERTIONS = NO;
				ENABLE_STRICT_OBJC_MSGSEND = YES;
				GCC_C_LANGUAGE_STANDARD = gnu11;
				GCC_NO_COMMON_BLOCKS = YES;
				GCC_WARN_64_TO_32_BIT_CONVERSION = YES;
				GCC_WARN_ABOUT_RETURN_TYPE = YES_ERROR;
				GCC_WARN_UNDECLARED_SELECTOR = YES;
				GCC_WARN_UNINITIALIZED_AUTOS = YES_AGGRESSIVE;
				GCC_WARN_UNUSED_FUNCTION = YES;
				GCC_WARN_UNUSED_VARIABLE = YES;
				MACOSX_DEPLOYMENT_TARGET = 14.0;
				MTL_ENABLE_DEBUG_INFO = NO;
				MTL_FAST_MATH = YES;
				SDKROOT = macosx;
				SWIFT_COMPILATION_MODE = wholemodule;
				SWIFT_OPTIMIZATION_LEVEL = "-O";
				SWIFT_VERSION = 5.0;
			};
			name = Release;
		};
		E30290502C12D67E00595EB7 /* Debug */ = {
			isa = XCBuildConfiguration;
			baseConfigurationReference = D075A6C9113745B907B40A0B /* Pods-MonterVideo.debug.xcconfig */;
			buildSettings = {
				ASSETCATALOG_COMPILER_APPICON_NAME = AppIcon;
				ASSETCATALOG_COMPILER_GLOBAL_ACCENT_COLOR_NAME = AccentColor;
				CODE_SIGN_ENTITLEMENTS = MonterVideo/App/MonterVideo.entitlements;
				CODE_SIGN_STYLE = Automatic;
				COMBINE_HIDPI_IMAGES = YES;
				CURRENT_PROJECT_VERSION = 1;
				DEVELOPMENT_ASSET_PATHS = "\"MonterVideo/Preview Content\"";
				DEVELOPMENT_TEAM = JUH3Q3SWFH;
				ENABLE_HARDENED_RUNTIME = YES;
				ENABLE_PREVIEWS = YES;
				GENERATE_INFOPLIST_FILE = YES;
				INFOPLIST_KEY_NSHumanReadableCopyright = "";
				LD_RUNPATH_SEARCH_PATHS = (
					"$(inherited)",
					"@executable_path/../Frameworks",
				);
				MARKETING_VERSION = 1.0;
				PRODUCT_BUNDLE_IDENTIFIER = com.MonterVideo;
				PRODUCT_NAME = "$(TARGET_NAME)";
				SWIFT_EMIT_LOC_STRINGS = YES;
				SWIFT_VERSION = 5.0;
			};
			name = Debug;
		};
		E30290512C12D67E00595EB7 /* Release */ = {
			isa = XCBuildConfiguration;
			baseConfigurationReference = 8FD384AF3963F44C3C04CB65 /* Pods-MonterVideo.release.xcconfig */;
			buildSettings = {
				ASSETCATALOG_COMPILER_APPICON_NAME = AppIcon;
				ASSETCATALOG_COMPILER_GLOBAL_ACCENT_COLOR_NAME = AccentColor;
				CODE_SIGN_ENTITLEMENTS = MonterVideo/App/MonterVideo.entitlements;
				CODE_SIGN_STYLE = Automatic;
				COMBINE_HIDPI_IMAGES = YES;
				CURRENT_PROJECT_VERSION = 1;
				DEVELOPMENT_ASSET_PATHS = "\"MonterVideo/Preview Content\"";
				DEVELOPMENT_TEAM = JUH3Q3SWFH;
				ENABLE_HARDENED_RUNTIME = YES;
				ENABLE_PREVIEWS = YES;
				GENERATE_INFOPLIST_FILE = YES;
				INFOPLIST_KEY_NSHumanReadableCopyright = "";
				LD_RUNPATH_SEARCH_PATHS = (
					"$(inherited)",
					"@executable_path/../Frameworks",
				);
				MARKETING_VERSION = 1.0;
				PRODUCT_BUNDLE_IDENTIFIER = com.MonterVideo;
				PRODUCT_NAME = "$(TARGET_NAME)";
				SWIFT_EMIT_LOC_STRINGS = YES;
				SWIFT_VERSION = 5.0;
			};
			name = Release;
		};
		E30290532C12D67E00595EB7 /* Debug */ = {
			isa = XCBuildConfiguration;
			baseConfigurationReference = 6F40BC07EB8F7752F0ABD11C /* Pods-MonterVideoTests.debug.xcconfig */;
			buildSettings = {
				ALWAYS_EMBED_SWIFT_STANDARD_LIBRARIES = YES;
				BUNDLE_LOADER = "$(TEST_HOST)";
				CODE_SIGN_STYLE = Automatic;
				CURRENT_PROJECT_VERSION = 1;
				DEVELOPMENT_TEAM = JUH3Q3SWFH;
				GENERATE_INFOPLIST_FILE = YES;
				MACOSX_DEPLOYMENT_TARGET = 12.1;
				MARKETING_VERSION = 1.0;
				PRODUCT_BUNDLE_IDENTIFIER = com.MonterVideoTests;
				PRODUCT_NAME = "$(TARGET_NAME)";
				SWIFT_EMIT_LOC_STRINGS = NO;
				SWIFT_VERSION = 5.0;
				TEST_HOST = "$(BUILT_PRODUCTS_DIR)/MonterVideo.app/Contents/MacOS/MonterVideo";
			};
			name = Debug;
		};
		E30290542C12D67E00595EB7 /* Release */ = {
			isa = XCBuildConfiguration;
			baseConfigurationReference = 6D777C0865FD99D835DF177A /* Pods-MonterVideoTests.release.xcconfig */;
			buildSettings = {
				ALWAYS_EMBED_SWIFT_STANDARD_LIBRARIES = YES;
				BUNDLE_LOADER = "$(TEST_HOST)";
				CODE_SIGN_STYLE = Automatic;
				CURRENT_PROJECT_VERSION = 1;
				DEVELOPMENT_TEAM = JUH3Q3SWFH;
				GENERATE_INFOPLIST_FILE = YES;
				MACOSX_DEPLOYMENT_TARGET = 12.1;
				MARKETING_VERSION = 1.0;
				PRODUCT_BUNDLE_IDENTIFIER = com.MonterVideoTests;
				PRODUCT_NAME = "$(TARGET_NAME)";
				SWIFT_EMIT_LOC_STRINGS = NO;
				SWIFT_VERSION = 5.0;
				TEST_HOST = "$(BUILT_PRODUCTS_DIR)/MonterVideo.app/Contents/MacOS/MonterVideo";
			};
			name = Release;
		};
		E30290562C12D67E00595EB7 /* Debug */ = {
			isa = XCBuildConfiguration;
			baseConfigurationReference = 46B2F1B04D11C236322EA0A9 /* Pods-MonterVideo-MonterVideoUITests.debug.xcconfig */;
			buildSettings = {
				ALWAYS_EMBED_SWIFT_STANDARD_LIBRARIES = YES;
				CODE_SIGN_STYLE = Automatic;
				CURRENT_PROJECT_VERSION = 1;
				DEVELOPMENT_TEAM = JUH3Q3SWFH;
				GENERATE_INFOPLIST_FILE = YES;
				MARKETING_VERSION = 1.0;
				PRODUCT_BUNDLE_IDENTIFIER = com.MonterVideoUITests;
				PRODUCT_NAME = "$(TARGET_NAME)";
				SWIFT_EMIT_LOC_STRINGS = NO;
				SWIFT_VERSION = 5.0;
				TEST_TARGET_NAME = MonterVideo;
			};
			name = Debug;
		};
		E30290572C12D67E00595EB7 /* Release */ = {
			isa = XCBuildConfiguration;
			baseConfigurationReference = 44358795D0D0C7529A067B7D /* Pods-MonterVideo-MonterVideoUITests.release.xcconfig */;
			buildSettings = {
				ALWAYS_EMBED_SWIFT_STANDARD_LIBRARIES = YES;
				CODE_SIGN_STYLE = Automatic;
				CURRENT_PROJECT_VERSION = 1;
				DEVELOPMENT_TEAM = JUH3Q3SWFH;
				GENERATE_INFOPLIST_FILE = YES;
				MARKETING_VERSION = 1.0;
				PRODUCT_BUNDLE_IDENTIFIER = com.MonterVideoUITests;
				PRODUCT_NAME = "$(TARGET_NAME)";
				SWIFT_EMIT_LOC_STRINGS = NO;
				SWIFT_VERSION = 5.0;
				TEST_TARGET_NAME = MonterVideo;
			};
			name = Release;
		};
/* End XCBuildConfiguration section */

/* Begin XCConfigurationList section */
		E30290202C12D67C00595EB7 /* Build configuration list for PBXProject "MonterVideo" */ = {
			isa = XCConfigurationList;
			buildConfigurations = (
				E302904D2C12D67E00595EB7 /* Debug */,
				E302904E2C12D67E00595EB7 /* Release */,
			);
			defaultConfigurationIsVisible = 0;
			defaultConfigurationName = Release;
		};
		E302904F2C12D67E00595EB7 /* Build configuration list for PBXNativeTarget "MonterVideo" */ = {
			isa = XCConfigurationList;
			buildConfigurations = (
				E30290502C12D67E00595EB7 /* Debug */,
				E30290512C12D67E00595EB7 /* Release */,
			);
			defaultConfigurationIsVisible = 0;
			defaultConfigurationName = Release;
		};
		E30290522C12D67E00595EB7 /* Build configuration list for PBXNativeTarget "MonterVideoTests" */ = {
			isa = XCConfigurationList;
			buildConfigurations = (
				E30290532C12D67E00595EB7 /* Debug */,
				E30290542C12D67E00595EB7 /* Release */,
			);
			defaultConfigurationIsVisible = 0;
			defaultConfigurationName = Release;
		};
		E30290552C12D67E00595EB7 /* Build configuration list for PBXNativeTarget "MonterVideoUITests" */ = {
			isa = XCConfigurationList;
			buildConfigurations = (
				E30290562C12D67E00595EB7 /* Debug */,
				E30290572C12D67E00595EB7 /* Release */,
			);
			defaultConfigurationIsVisible = 0;
			defaultConfigurationName = Release;
		};
/* End XCConfigurationList section */

/* Begin XCRemoteSwiftPackageReference section */
		E3D5F2A22C12F30A00CC6592 /* XCRemoteSwiftPackageReference "swift-composable-architecture" */ = {
			isa = XCRemoteSwiftPackageReference;
			repositoryURL = "https://github.com/pointfreeco/swift-composable-architecture";
			requirement = {
				kind = upToNextMajorVersion;
				minimumVersion = 1.11.0;
			};
		};
/* End XCRemoteSwiftPackageReference section */

/* Begin XCSwiftPackageProductDependency section */
		E355CCC72C5A1E420008AC27 /* ComposableArchitecture */ = {
			isa = XCSwiftPackageProductDependency;
			package = E3D5F2A22C12F30A00CC6592 /* XCRemoteSwiftPackageReference "swift-composable-architecture" */;
			productName = ComposableArchitecture;
		};
/* End XCSwiftPackageProductDependency section */

/* Begin XCVersionGroup section */
		E30290332C12D67E00595EB7 /* MonterVideo.xcdatamodeld */ = {
			isa = XCVersionGroup;
			children = (
				E30290342C12D67E00595EB7 /* MonterVideo.xcdatamodel */,
			);
			currentVersion = E30290342C12D67E00595EB7 /* MonterVideo.xcdatamodel */;
			path = MonterVideo.xcdatamodeld;
			sourceTree = "<group>";
			versionGroupType = wrapper.xcdatamodel;
		};
/* End XCVersionGroup section */
	};
	rootObject = E302901D2C12D67C00595EB7 /* Project object */;
}
